
Microsoft Visual Studio Solution File, Format Version 12.00
# Visual Studio Version 17
VisualStudioVersion = 17.7.34031.279
MinimumVisualStudioVersion = 10.0.40219.1
Project("{FAE04EC0-301F-11D3-BF4B-00C04F79EFBC}") = "Muistipeli", "Muistipeli.csproj", "{048AE1DF-44FD-4E84-B898-F9F4ACFD41EC}"
EndProject
Global
	GlobalSection(SolutionConfigurationPlatforms) = preSolution
		Debug|Any CPU = Debug|Any CPU
		Release|Any CPU = Release|Any CPU
	EndGlobalSection
	GlobalSection(ProjectConfigurationPlatforms) = postSolution
		{048AE1DF-44FD-4E84-B898-F9F4ACFD41EC}.Debug|Any CPU.ActiveCfg = Debug|Any CPU
		{048AE1DF-44FD-4E84-B898-F9F4ACFD41EC}.Debug|Any CPU.Build.0 = Debug|Any CPU
		{048AE1DF-44FD-4E84-B898-F9F4ACFD41EC}.Release|Any CPU.ActiveCfg = Release|Any CPU
		{048AE1DF-44FD-4E84-B898-F9F4ACFD41EC}.Release|Any CPU.Build.0 = Release|Any CPU
	EndGlobalSection
	GlobalSection(SolutionProperties) = preSolution
		HideSolutionNode = FALSE
	EndGlobalSection
	GlobalSection(ExtensibilityGlobals) = postSolution
		SolutionGuid = {D1964262-0110-4377-A875-8C8146C5401E}
	EndGlobalSection
EndGlobal
